{
  "requires": true,
  "lockfileVersion": 1,
  "dependencies": {
    "@react-oauth/google": {
      "version": "0.2.8",
      "resolved": "https://inmobiartifactory.jfrog.io/artifactory/api/npm/npm-virtual/@react-oauth/google/-/google-0.2.8.tgz",
      "integrity": "sha512-W3sRcU6kSZMGUOk10Vy5kPZPzvsi7+UpM2MxnT6fMVp+whDMKCVope5R01gwRydK9OI+0rozAARCD2NgrbkV7w=="
    }
  }
}
